
Microsoft Visual Studio Solution File, Format Version 12.00
# Visual Studio Version 16
VisualStudioVersion = 16.0.30114.105
MinimumVisualStudioVersion = 10.0.40219.1
Project("{FAE04EC0-301F-11D3-BF4B-00C04F79EFBC}") = "CleanArch", "CleanArch\CleanArch.csproj", "{219F311B-1004-4527-9F72-22B193215614}"
EndProject
Global
	GlobalSection(SolutionConfigurationPlatforms) = preSolution
		Debug|Any CPU = Debug|Any CPU
		Release|Any CPU = Release|Any CPU
	EndGlobalSection
	GlobalSection(ProjectConfigurationPlatforms) = postSolution
		{219F311B-1004-4527-9F72-22B193215614}.Debug|Any CPU.ActiveCfg = Debug|Any CPU
		{219F311B-1004-4527-9F72-22B193215614}.Debug|Any CPU.Build.0 = Debug|Any CPU
		{219F311B-1004-4527-9F72-22B193215614}.Release|Any CPU.ActiveCfg = Release|Any CPU
		{219F311B-1004-4527-9F72-22B193215614}.Release|Any CPU.Build.0 = Release|Any CPU
	EndGlobalSection
	GlobalSection(SolutionProperties) = preSolution
		HideSolutionNode = FALSE
	EndGlobalSection
	GlobalSection(ExtensibilityGlobals) = postSolution
		SolutionGuid = {0D26D9D0-15DF-4D5B-8864-6700FB0CEA42}
	EndGlobalSection
EndGlobal
